
Microsoft Visual Studio Solution File, Format Version 12.00
# Visual Studio Version 17
VisualStudioVersion = 17.5.002.0
MinimumVisualStudioVersion = 10.0.40219.1
Project("{9A19103F-16F7-4668-BE54-9A1E7A4F7556}") = "InternTaskTracker.Api", "InternTaskTracker.Api\InternTaskTracker.Api.csproj", "{82333984-6BFC-4639-B6A0-C0B51C073654}"
EndProject
Project("{9A19103F-16F7-4668-BE54-9A1E7A4F7556}") = "InternTaskTracker.Console", "InternTaskTracker.Console\InternTaskTracker.Console.csproj", "{4CDB2BCE-6AB1-45AB-AECD-6808ED2B1BE3}"
EndProject
Project("{9A19103F-16F7-4668-BE54-9A1E7A4F7556}") = "InternTaskTracker.Core", "InternTaskTracker.Core\InternTaskTracker.Core.csproj", "{886C9739-534C-44ED-8203-106B4E63F48A}"
EndProject
Global
	GlobalSection(SolutionConfigurationPlatforms) = preSolution
		Debug|Any CPU = Debug|Any CPU
		Release|Any CPU = Release|Any CPU
	EndGlobalSection
	GlobalSection(ProjectConfigurationPlatforms) = postSolution
		{82333984-6BFC-4639-B6A0-C0B51C073654}.Debug|Any CPU.ActiveCfg = Debug|Any CPU
		{82333984-6BFC-4639-B6A0-C0B51C073654}.Debug|Any CPU.Build.0 = Debug|Any CPU
		{82333984-6BFC-4639-B6A0-C0B51C073654}.Release|Any CPU.ActiveCfg = Release|Any CPU
		{82333984-6BFC-4639-B6A0-C0B51C073654}.Release|Any CPU.Build.0 = Release|Any CPU
		{4CDB2BCE-6AB1-45AB-AECD-6808ED2B1BE3}.Debug|Any CPU.ActiveCfg = Debug|Any CPU
		{4CDB2BCE-6AB1-45AB-AECD-6808ED2B1BE3}.Debug|Any CPU.Build.0 = Debug|Any CPU
		{4CDB2BCE-6AB1-45AB-AECD-6808ED2B1BE3}.Release|Any CPU.ActiveCfg = Release|Any CPU
		{4CDB2BCE-6AB1-45AB-AECD-6808ED2B1BE3}.Release|Any CPU.Build.0 = Release|Any CPU
		{886C9739-534C-44ED-8203-106B4E63F48A}.Debug|Any CPU.ActiveCfg = Debug|Any CPU
		{886C9739-534C-44ED-8203-106B4E63F48A}.Debug|Any CPU.Build.0 = Debug|Any CPU
		{886C9739-534C-44ED-8203-106B4E63F48A}.Release|Any CPU.ActiveCfg = Release|Any CPU
		{886C9739-534C-44ED-8203-106B4E63F48A}.Release|Any CPU.Build.0 = Release|Any CPU
	EndGlobalSection
	GlobalSection(SolutionProperties) = preSolution
		HideSolutionNode = FALSE
	EndGlobalSection
	GlobalSection(ExtensibilityGlobals) = postSolution
		SolutionGuid = {9E738DAB-7D87-415F-B974-3F0F15EFDF46}
	EndGlobalSection
EndGlobal
